
Microsoft Visual Studio Solution File, Format Version 12.00
# Visual Studio Version 16
VisualStudioVersion = 16.0.29418.71
MinimumVisualStudioVersion = 10.0.40219.1
Project("{FAE04EC0-301F-11D3-BF4B-00C04F79EFBC}") = "BikeAssignment", "BikeAssignment\BikeAssignment.csproj", "{2F4F2596-A42E-4898-81D7-4A244BCA14DF}"
EndProject
Global
	GlobalSection(SolutionConfigurationPlatforms) = preSolution
		Debug|Any CPU = Debug|Any CPU
		Release|Any CPU = Release|Any CPU
	EndGlobalSection
	GlobalSection(ProjectConfigurationPlatforms) = postSolution
		{2F4F2596-A42E-4898-81D7-4A244BCA14DF}.Debug|Any CPU.ActiveCfg = Debug|Any CPU
		{2F4F2596-A42E-4898-81D7-4A244BCA14DF}.Debug|Any CPU.Build.0 = Debug|Any CPU
		{2F4F2596-A42E-4898-81D7-4A244BCA14DF}.Release|Any CPU.ActiveCfg = Release|Any CPU
		{2F4F2596-A42E-4898-81D7-4A244BCA14DF}.Release|Any CPU.Build.0 = Release|Any CPU
	EndGlobalSection
	GlobalSection(SolutionProperties) = preSolution
		HideSolutionNode = FALSE
	EndGlobalSection
	GlobalSection(ExtensibilityGlobals) = postSolution
		SolutionGuid = {F3B10E4E-CFE5-44EA-9208-9FE4C03E0373}
	EndGlobalSection
EndGlobal
